{
  "nodes": {
    "flake-compat": {
      "flake": false,
      "locked": {
        "lastModified": 1648199409,
        "narHash": "sha256-JwPKdC2PoVBkG6E+eWw3j6BMR6sL3COpYWfif7RVb8Y=",
        "owner": "edolstra",
        "repo": "flake-compat",
        "rev": "64a525ee38886ab9028e6f61790de0832aa3ef03",
        "type": "github"
      },
      "original": {
        "owner": "edolstra",
        "repo": "flake-compat",
        "type": "github"
      }
    },
    "flake-utils": {
      "locked": {
        "lastModified": 1648297722,
        "narHash": "sha256-W+qlPsiZd8F3XkzXOzAoR+mpFqzm3ekQkJNa+PIh1BQ=",
        "owner": "numtide",
        "repo": "flake-utils",
        "rev": "0f8662f1319ad6abf89b3380dd2722369fc51ade",
        "type": "github"
      },
      "original": {
        "owner": "numtide",
        "repo": "flake-utils",
        "type": "github"
      }
    },
    "flake-utils_2": {
      "locked": {
        "lastModified": 1644229661,
        "narHash": "sha256-1YdnJAsNy69bpcjuoKdOYQX0YxZBiCYZo4Twxerqv7k=",
        "owner": "numtide",
        "repo": "flake-utils",
        "rev": "3cecb5b042f7f209c56ffd8371b2711a290ec797",
        "type": "github"
      },
      "original": {
        "owner": "numtide",
        "repo": "flake-utils",
        "type": "github"
      }
    },
    "neovim-flake": {
      "inputs": {
        "flake-utils": "flake-utils_2",
        "nixpkgs": [
          "neovim-overlay",
          "nixpkgs"
        ]
      },
      "locked": {
        "dir": "contrib",
        "lastModified": 1648602237,
        "narHash": "sha256-uM1mU5+2fkn+LJvOUhEBSrS6VwAW3OR8iF2AYqRaYcw=",
        "owner": "neovim",
        "repo": "neovim",
        "rev": "75ff156d9b11f23f6156cd6b90fb7bad0a83fd18",
        "type": "github"
      },
      "original": {
        "dir": "contrib",
        "owner": "neovim",
        "repo": "neovim",
        "type": "github"
      }
    },
    "neovim-overlay": {
      "inputs": {
        "flake-compat": "flake-compat",
        "neovim-flake": "neovim-flake",
        "nixpkgs": [
          "nixpkgs"
        ]
      },
      "locked": {
        "lastModified": 1648628442,
        "narHash": "sha256-iJ4R/JQUYRm88yO3n69LDe789mKiwsiZEK3RNmrvHKc=",
        "owner": "nix-community",
        "repo": "neovim-nightly-overlay",
        "rev": "10f23170d296ceb345a712d422be2cf68c57ff25",
        "type": "github"
      },
      "original": {
        "owner": "nix-community",
        "repo": "neovim-nightly-overlay",
        "type": "github"
      }
    },
    "nixpkgs": {
      "locked": {
        "lastModified": 1648219316,
        "narHash": "sha256-Ctij+dOi0ZZIfX5eMhgwugfvB+WZSrvVNAyAuANOsnQ=",
        "owner": "NixOS",
        "repo": "nixpkgs",
        "rev": "30d3d79b7d3607d56546dd2a6b49e156ba0ec634",
        "type": "github"
      },
      "original": {
        "owner": "NixOS",
        "ref": "nixpkgs-unstable",
        "repo": "nixpkgs",
        "type": "github"
      }
    },
    "nvim-code-action-menu": {
      "flake": false,
      "locked": {
        "lastModified": 1647509555,
        "narHash": "sha256-fD9luuZe5mVkJTTtngH0jnwtqljhSZp0OFobBa4uqZI=",
        "owner": "weilbith",
        "repo": "nvim-code-action-menu",
        "rev": "a864a79c8e024d4f5d95915210188c9c3430b160",
        "type": "github"
      },
      "original": {
        "owner": "weilbith",
        "repo": "nvim-code-action-menu",
        "type": "github"
      }
    },
    "nvim-lightbulb": {
      "flake": false,
      "locked": {
        "lastModified": 1645713830,
        "narHash": "sha256-LxGA2LX9CASodJnZYXGZfGPOeW38MW7z54gYQSDmhRE=",
        "owner": "kosayoda",
        "repo": "nvim-lightbulb",
        "rev": "29ca81408119ba809d1f922edc941868af97ee86",
        "type": "github"
      },
      "original": {
        "owner": "kosayoda",
        "repo": "nvim-lightbulb",
        "type": "github"
      }
    },
    "root": {
      "inputs": {
        "flake-utils": "flake-utils",
        "neovim-overlay": "neovim-overlay",
        "nixpkgs": "nixpkgs",
        "nvim-code-action-menu": "nvim-code-action-menu",
        "nvim-lightbulb": "nvim-lightbulb",
        "startup-nvim": "startup-nvim"
      }
    },
    "startup-nvim": {
      "flake": false,
      "locked": {
        "lastModified": 1648450102,
        "narHash": "sha256-30PltR5W+IYJSgT0nL9KlB0r3siga+XDxA2UDQTzKWQ=",
        "owner": "startup-nvim",
        "repo": "startup.nvim",
        "rev": "00bede05e89d9d11bf5e1e848f3d67a0fe7552a7",
        "type": "github"
      },
      "original": {
        "owner": "startup-nvim",
        "repo": "startup.nvim",
        "type": "github"
      }
    }
  },
  "root": "root",
  "version": 7
}
